Microsoft Visual Studio Solution File, Format Version 12.00
# Visual Studio Version 16
VisualStudioVersion = 16.0.0.0
MinimumVisualStudioVersion = 16.0.0.0
Project("{9A19103F-16F7-4668-BE54-9A1E7A4F7556}") = "MyBlazorAutoApp", "MyBlazorAutoApp\MyBlazorAutoApp.csproj", "{0209373D-236C-4BB9-84DD-0C09A939BBC5}"
EndProject
Project("{9A19103F-16F7-4668-BE54-9A1E7A4F7556}") = "MyBlazorAutoApp.Client", "MyBlazorAutoApp.Client\MyBlazorAutoApp.Client.csproj", "{715B56C8-E1A4-455A-B88C-AA83F3AE4977}"
EndProject
Global
	GlobalSection(SolutionConfigurationPlatforms) = preSolution
		Debug|Any CPU = Debug|Any CPU
		Debug|x64 = Debug|x64
		Debug|x86 = Debug|x86
		Release|Any CPU = Release|Any CPU
		Release|x64 = Release|x64
		Release|x86 = Release|x86
	EndGlobalSection
	GlobalSection(ProjectConfigurationPlatforms) = postSolution
		{715B56C8-E1A4-455A-B88C-AA83F3AE4977}.Debug|Any CPU.ActiveCfg = Debug|Any CPU
		{715B56C8-E1A4-455A-B88C-AA83F3AE4977}.Debug|Any CPU.Build.0 = Debug|Any CPU
		{715B56C8-E1A4-455A-B88C-AA83F3AE4977}.Debug|x64.ActiveCfg = Debug|Any CPU
		{715B56C8-E1A4-455A-B88C-AA83F3AE4977}.Debug|x64.Build.0 = Debug|Any CPU
		{715B56C8-E1A4-455A-B88C-AA83F3AE4977}.Debug|x86.ActiveCfg = Debug|Any CPU
		{715B56C8-E1A4-455A-B88C-AA83F3AE4977}.Debug|x86.Build.0 = Debug|Any CPU
		{715B56C8-E1A4-455A-B88C-AA83F3AE4977}.Release|Any CPU.ActiveCfg = Release|Any CPU
		{715B56C8-E1A4-455A-B88C-AA83F3AE4977}.Release|Any CPU.Build.0 = Release|Any CPU
		{715B56C8-E1A4-455A-B88C-AA83F3AE4977}.Release|x64.ActiveCfg = Release|Any CPU
		{715B56C8-E1A4-455A-B88C-AA83F3AE4977}.Release|x64.Build.0 = Release|Any CPU
		{715B56C8-E1A4-455A-B88C-AA83F3AE4977}.Release|x86.ActiveCfg = Release|Any CPU
		{715B56C8-E1A4-455A-B88C-AA83F3AE4977}.Release|x86.Build.0 = Release|Any CPU
		{0209373D-236C-4BB9-84DD-0C09A939BBC5}.Debug|Any CPU.ActiveCfg = Debug|Any CPU
		{0209373D-236C-4BB9-84DD-0C09A939BBC5}.Debug|Any CPU.Build.0 = Debug|Any CPU
		{0209373D-236C-4BB9-84DD-0C09A939BBC5}.Debug|x64.ActiveCfg = Debug|Any CPU
		{0209373D-236C-4BB9-84DD-0C09A939BBC5}.Debug|x64.Build.0 = Debug|Any CPU
		{0209373D-236C-4BB9-84DD-0C09A939BBC5}.Debug|x86.ActiveCfg = Debug|Any CPU
		{0209373D-236C-4BB9-84DD-0C09A939BBC5}.Debug|x86.Build.0 = Debug|Any CPU
		{0209373D-236C-4BB9-84DD-0C09A939BBC5}.Release|Any CPU.ActiveCfg = Release|Any CPU
		{0209373D-236C-4BB9-84DD-0C09A939BBC5}.Release|Any CPU.Build.0 = Release|Any CPU
		{0209373D-236C-4BB9-84DD-0C09A939BBC5}.Release|x64.ActiveCfg = Release|Any CPU
		{0209373D-236C-4BB9-84DD-0C09A939BBC5}.Release|x64.Build.0 = Release|Any CPU
		{0209373D-236C-4BB9-84DD-0C09A939BBC5}.Release|x86.ActiveCfg = Release|Any CPU
		{0209373D-236C-4BB9-84DD-0C09A939BBC5}.Release|x86.Build.0 = Release|Any CPU
	EndGlobalSection
	GlobalSection(SolutionProperties) = preSolution
		HideSolutionNode = FALSE
	EndGlobalSection
	GlobalSection(ExtensibilityGlobals) = postSolution
		SolutionGuid = {DCA9B350-6F8C-430E-B642-49AD44B40D33}
	EndGlobalSection
EndGlobal
